
Microsoft Visual Studio Solution File, Format Version 12.00
# Visual Studio Version 16
VisualStudioVersion = 16.0.29613.14
MinimumVisualStudioVersion = 10.0.40219.1
Project("{FAE04EC0-301F-11D3-BF4B-00C04F79EFBC}") = "BindingBugExample.Android", "BindingBugExample\BindingBugExample.Android\BindingBugExample.Android.csproj", "{80E71D20-B455-414B-9FCA-6AB7730859BD}"
EndProject
Project("{FAE04EC0-301F-11D3-BF4B-00C04F79EFBC}") = "BindingBugExample", "BindingBugExample\BindingBugExample\BindingBugExample.csproj", "{0EA77EE5-3F6B-4002-BBD3-A8D6AECA7857}"
EndProject
Global
	GlobalSection(SolutionConfigurationPlatforms) = preSolution
		Debug|Any CPU = Debug|Any CPU
		Release|Any CPU = Release|Any CPU
	EndGlobalSection
	GlobalSection(ProjectConfigurationPlatforms) = postSolution
		{80E71D20-B455-414B-9FCA-6AB7730859BD}.Debug|Any CPU.ActiveCfg = Debug|Any CPU
		{80E71D20-B455-414B-9FCA-6AB7730859BD}.Debug|Any CPU.Build.0 = Debug|Any CPU
		{80E71D20-B455-414B-9FCA-6AB7730859BD}.Debug|Any CPU.Deploy.0 = Debug|Any CPU
		{80E71D20-B455-414B-9FCA-6AB7730859BD}.Release|Any CPU.ActiveCfg = Release|Any CPU
		{80E71D20-B455-414B-9FCA-6AB7730859BD}.Release|Any CPU.Build.0 = Release|Any CPU
		{80E71D20-B455-414B-9FCA-6AB7730859BD}.Release|Any CPU.Deploy.0 = Release|Any CPU
		{0EA77EE5-3F6B-4002-BBD3-A8D6AECA7857}.Debug|Any CPU.ActiveCfg = Debug|Any CPU
		{0EA77EE5-3F6B-4002-BBD3-A8D6AECA7857}.Debug|Any CPU.Build.0 = Debug|Any CPU
		{0EA77EE5-3F6B-4002-BBD3-A8D6AECA7857}.Debug|Any CPU.Deploy.0 = Debug|Any CPU
		{0EA77EE5-3F6B-4002-BBD3-A8D6AECA7857}.Release|Any CPU.ActiveCfg = Release|Any CPU
		{0EA77EE5-3F6B-4002-BBD3-A8D6AECA7857}.Release|Any CPU.Build.0 = Release|Any CPU
		{0EA77EE5-3F6B-4002-BBD3-A8D6AECA7857}.Release|Any CPU.Deploy.0 = Release|Any CPU
	EndGlobalSection
	GlobalSection(SolutionProperties) = preSolution
		HideSolutionNode = FALSE
	EndGlobalSection
	GlobalSection(ExtensibilityGlobals) = postSolution
		SolutionGuid = {C5E2E750-66A5-4CDA-984F-2BAB657EBDEE}
	EndGlobalSection
EndGlobal
